
Microsoft Visual Studio Solution File, Format Version 12.00
# Visual Studio Version 16
VisualStudioVersion = 16.0.30204.135
MinimumVisualStudioVersion = 10.0.40219.1
Project("{9A19103F-16F7-4668-BE54-9A1E7A4F7556}") = "NetCoreAngularCRUDApp", "NetCoreAngularCRUDApp\NetCoreAngularCRUDApp.csproj", "{CDC451D2-B404-44CF-9E1E-F09D16544580}"
EndProject
Project("{FAE04EC0-301F-11D3-BF4B-00C04F79EFBC}") = "NetCoreAngularCRUDTest", "NetCoreAngularCRUDTest\NetCoreAngularCRUDTest.csproj", "{FAB3308D-743C-448F-A0C5-D2A0DC488DE7}"
EndProject
Global
	GlobalSection(SolutionConfigurationPlatforms) = preSolution
		Debug|Any CPU = Debug|Any CPU
		Release|Any CPU = Release|Any CPU
	EndGlobalSection
	GlobalSection(ProjectConfigurationPlatforms) = postSolution
		{CDC451D2-B404-44CF-9E1E-F09D16544580}.Debug|Any CPU.ActiveCfg = Debug|Any CPU
		{CDC451D2-B404-44CF-9E1E-F09D16544580}.Debug|Any CPU.Build.0 = Debug|Any CPU
		{CDC451D2-B404-44CF-9E1E-F09D16544580}.Release|Any CPU.ActiveCfg = Release|Any CPU
		{CDC451D2-B404-44CF-9E1E-F09D16544580}.Release|Any CPU.Build.0 = Release|Any CPU
		{FAB3308D-743C-448F-A0C5-D2A0DC488DE7}.Debug|Any CPU.ActiveCfg = Debug|Any CPU
		{FAB3308D-743C-448F-A0C5-D2A0DC488DE7}.Debug|Any CPU.Build.0 = Debug|Any CPU
		{FAB3308D-743C-448F-A0C5-D2A0DC488DE7}.Release|Any CPU.ActiveCfg = Release|Any CPU
		{FAB3308D-743C-448F-A0C5-D2A0DC488DE7}.Release|Any CPU.Build.0 = Release|Any CPU
	EndGlobalSection
	GlobalSection(SolutionProperties) = preSolution
		HideSolutionNode = FALSE
	EndGlobalSection
	GlobalSection(ExtensibilityGlobals) = postSolution
		SolutionGuid = {C1359704-8D8D-4707-9903-3CEBD11DC87A}
	EndGlobalSection
EndGlobal
